
Microsoft Visual Studio Solution File, Format Version 12.00
# Visual Studio 15
VisualStudioVersion = 15.0.28307.421
MinimumVisualStudioVersion = 10.0.40219.1
Project("{8BC9CEB8-8B4A-11D0-8D11-00A0C91BC942}") = "Sandbox", "Sandbox\Sandbox.vcxproj", "{62F915B2-E95A-417D-BB79-5DF9DBBEA7D2}"
EndProject
Project("{8BC9CEB8-8B4A-11D0-8D11-00A0C91BC942}") = "Lycan", "Lycan\Lycan.vcxproj", "{4B739112-A51B-4CAC-A411-B72F3A99CBDD}"
EndProject
Global
	GlobalSection(SolutionConfigurationPlatforms) = preSolution
		Debug|x64 = Debug|x64
		Release|x64 = Release|x64
	EndGlobalSection
	GlobalSection(ProjectConfigurationPlatforms) = postSolution
		{4B739112-A51B-4CAC-A411-B72F3A99CBDD}.Debug|x64.ActiveCfg = Debug|x64
		{4B739112-A51B-4CAC-A411-B72F3A99CBDD}.Debug|x64.Build.0 = Debug|x64
		{4B739112-A51B-4CAC-A411-B72F3A99CBDD}.Release|x64.ActiveCfg = Release|x64
		{4B739112-A51B-4CAC-A411-B72F3A99CBDD}.Release|x64.Build.0 = Release|x64
		{62F915B2-E95A-417D-BB79-5DF9DBBEA7D2}.Debug|x64.ActiveCfg = Debug|x64
		{62F915B2-E95A-417D-BB79-5DF9DBBEA7D2}.Debug|x64.Build.0 = Debug|x64
		{62F915B2-E95A-417D-BB79-5DF9DBBEA7D2}.Release|x64.ActiveCfg = Release|x64
		{62F915B2-E95A-417D-BB79-5DF9DBBEA7D2}.Release|x64.Build.0 = Release|x64
	EndGlobalSection
	GlobalSection(SolutionProperties) = preSolution
		HideSolutionNode = FALSE
	EndGlobalSection
	GlobalSection(ExtensibilityGlobals) = postSolution
		SolutionGuid = {905CD050-4242-42F5-AC07-243364B7041A}
	EndGlobalSection
EndGlobal
